# This file is generated by running "yarn install" inside your project.
# Manual changes might be lost - proceed with caution!

__metadata:
  version: 6
  cacheKey: 8

"@acuminous/bitsyntax@npm:^0.1.2":
  version: 0.1.2
  resolution: "@acuminous/bitsyntax@npm:0.1.2"
  dependencies:
    buffer-more-ints: ~1.0.0
    debug: ^4.3.4
    safe-buffer: ~5.1.2
  checksum: d2f9f30dfc8ddb10673e4780fa997fbe43fe3b6cd996b9930803d1b3c5db42fd964f9dab225f9e1cc06a2a22832b5a04e37076f2d283365768c7bd9718642db4
  languageName: node
  linkType: hard

"@lukeed/csprng@npm:^1.0.0":
  version: 1.1.0
  resolution: "@lukeed/csprng@npm:1.1.0"
  checksum: 926f5f7fc629470ca9a8af355bfcd0271d34535f7be3890f69902432bddc3262029bb5dbe9025542cf6c9883d878692eef2815fc2f3ba5b92e9da1f9eba2e51b
  languageName: node
  linkType: hard

"@nestjs/common@npm:^9.4.2":
  version: 9.4.2
  resolution: "@nestjs/common@npm:9.4.2"
  dependencies:
    iterare: 1.2.1
    tslib: 2.5.2
    uid: 2.0.2
  peerDependencies:
    cache-manager: <=5
    class-transformer: "*"
    class-validator: "*"
    reflect-metadata: ^0.1.12
    rxjs: ^7.1.0
  peerDependenciesMeta:
    cache-manager:
      optional: true
    class-transformer:
      optional: true
    class-validator:
      optional: true
  checksum: d4f0b32da2499af46947c84073b863ff20358be0e093975208958dcebd8d459121ec582bae2f2f9f2caa90897df36173d11b6760053e644a8bca76a26f9d45fd
  languageName: node
  linkType: hard

"@nestjs/core@npm:^9":
  version: 9.4.2
  resolution: "@nestjs/core@npm:9.4.2"
  dependencies:
    "@nuxtjs/opencollective": 0.3.2
    fast-safe-stringify: 2.1.1
    iterare: 1.2.1
    path-to-regexp: 3.2.0
    tslib: 2.5.2
    uid: 2.0.2
  peerDependencies:
    "@nestjs/common": ^9.0.0
    "@nestjs/microservices": ^9.0.0
    "@nestjs/platform-express": ^9.0.0
    "@nestjs/websockets": ^9.0.0
    reflect-metadata: ^0.1.12
    rxjs: ^7.1.0
  peerDependenciesMeta:
    "@nestjs/microservices":
      optional: true
    "@nestjs/platform-express":
      optional: true
    "@nestjs/websockets":
      optional: true
  checksum: 2e8e62828c7dc8bd32574e59f2174458b534c4a9228d8a760ab629dd7f27cd0c8edd0fe21922aa63f07266b40ea49a090e59590a47f114213ed753066c0eb5b3
  languageName: node
  linkType: hard

"@nuxtjs/opencollective@npm:0.3.2":
  version: 0.3.2
  resolution: "@nuxtjs/opencollective@npm:0.3.2"
  dependencies:
    chalk: ^4.1.0
    consola: ^2.15.0
    node-fetch: ^2.6.1
  bin:
    opencollective: bin/opencollective.js
  checksum: fd3737c12edf55b5c2279674664c3ed5e756410ea82e9cd324c3f0e032ed5ccd8df1959ec69ea97f2f1c9c33c884aae3d7a7108a73ea0faa90d74ea47cf364d4
  languageName: node
  linkType: hard

"@types/amqplib@npm:^0.10.1":
  version: 0.10.1
  resolution: "@types/amqplib@npm:0.10.1"
  dependencies:
    "@types/node": "*"
  checksum: 9f7dd964d15df82f73c26e84f028a5fe91ee96878e34625cf09d0153079007d3d506fcf9d327463227e6e30a357e0220bfb0848fb40c121ccd795154004d3733
  languageName: node
  linkType: hard

"@types/node@npm:*":
  version: 20.2.5
  resolution: "@types/node@npm:20.2.5"
  checksum: 38ce7c7e9d76880dc632f71d71e0d5914fcda9d5e9a7095d6c339abda55ca4affb0f2a882aeb29398f8e09d2c5151f0b6586c81c8ccdfe529c34b1ea3337425e
  languageName: node
  linkType: hard

"amqplib@npm:^0.10.3":
  version: 0.10.3
  resolution: "amqplib@npm:0.10.3"
  dependencies:
    "@acuminous/bitsyntax": ^0.1.2
    buffer-more-ints: ~1.0.0
    readable-stream: 1.x >=1.1.9
    url-parse: ~1.5.10
  checksum: 999f0fae748fd29d4d4ec1067c389ecb8cb03f9c060f854a4cab757e911e9690da643419553b0291ec45693996a959b87ec87ae7e72268b818be0e284e60da7a
  languageName: node
  linkType: hard

"ansi-styles@npm:^4.1.0":
  version: 4.3.0
  resolution: "ansi-styles@npm:4.3.0"
  dependencies:
    color-convert: ^2.0.1
  checksum: 513b44c3b2105dd14cc42a19271e80f386466c4be574bccf60b627432f9198571ebf4ab1e4c3ba17347658f4ee1711c163d574248c0c1cdc2d5917a0ad582ec4
  languageName: node
  linkType: hard

"buffer-more-ints@npm:~1.0.0":
  version: 1.0.0
  resolution: "buffer-more-ints@npm:1.0.0"
  checksum: f6e88dade08a6d36f32d5f3ece141583a4f61d6c36970b16f4699bd00cfe95d4015525c2a741cf46eb918acfd61cac95683fb995189fd65c13b14949c90bfe75
  languageName: node
  linkType: hard

"chalk@npm:^4.1.0":
  version: 4.1.2
  resolution: "chalk@npm:4.1.2"
  dependencies:
    ansi-styles: ^4.1.0
    supports-color: ^7.1.0
  checksum: fe75c9d5c76a7a98d45495b91b2172fa3b7a09e0cc9370e5c8feb1c567b85c4288e2b3fded7cfdd7359ac28d6b3844feb8b82b8686842e93d23c827c417e83fc
  languageName: node
  linkType: hard

"color-convert@npm:^2.0.1":
  version: 2.0.1
  resolution: "color-convert@npm:2.0.1"
  dependencies:
    color-name: ~1.1.4
  checksum: 79e6bdb9fd479a205c71d89574fccfb22bd9053bd98c6c4d870d65c132e5e904e6034978e55b43d69fcaa7433af2016ee203ce76eeba9cfa554b373e7f7db336
  languageName: node
  linkType: hard

"color-name@npm:~1.1.4":
  version: 1.1.4
  resolution: "color-name@npm:1.1.4"
  checksum: b0445859521eb4021cd0fb0cc1a75cecf67fceecae89b63f62b201cca8d345baf8b952c966862a9d9a2632987d4f6581f0ec8d957dfacece86f0a7919316f610
  languageName: node
  linkType: hard

"consola@npm:^2.15.0":
  version: 2.15.3
  resolution: "consola@npm:2.15.3"
  checksum: 8ef7a09b703ec67ac5c389a372a33b6dc97eda6c9876443a60d76a3076eea0259e7f67a4e54fd5a52f97df73690822d090cf8b7e102b5761348afef7c6d03e28
  languageName: node
  linkType: hard

"core-util-is@npm:~1.0.0":
  version: 1.0.3
  resolution: "core-util-is@npm:1.0.3"
  checksum: 9de8597363a8e9b9952491ebe18167e3b36e7707569eed0ebf14f8bba773611376466ae34575bca8cfe3c767890c859c74056084738f09d4e4a6f902b2ad7d99
  languageName: node
  linkType: hard

"debug@npm:^4.3.4":
  version: 4.3.4
  resolution: "debug@npm:4.3.4"
  dependencies:
    ms: 2.1.2
  peerDependenciesMeta:
    supports-color:
      optional: true
  checksum: 3dbad3f94ea64f34431a9cbf0bafb61853eda57bff2880036153438f50fb5a84f27683ba0d8e5426bf41a8c6ff03879488120cf5b3a761e77953169c0600a708
  languageName: node
  linkType: hard

"fast-safe-stringify@npm:2.1.1":
  version: 2.1.1
  resolution: "fast-safe-stringify@npm:2.1.1"
  checksum: a851cbddc451745662f8f00ddb622d6766f9bd97642dabfd9a405fb0d646d69fc0b9a1243cbf67f5f18a39f40f6fa821737651ff1bceeba06c9992ca2dc5bd3d
  languageName: node
  linkType: hard

"has-flag@npm:^4.0.0":
  version: 4.0.0
  resolution: "has-flag@npm:4.0.0"
  checksum: 261a1357037ead75e338156b1f9452c016a37dcd3283a972a30d9e4a87441ba372c8b81f818cd0fbcd9c0354b4ae7e18b9e1afa1971164aef6d18c2b6095a8ad
  languageName: node
  linkType: hard

"inherits@npm:~2.0.1":
  version: 2.0.4
  resolution: "inherits@npm:2.0.4"
  checksum: 4a48a733847879d6cf6691860a6b1e3f0f4754176e4d71494c41f3475553768b10f84b5ce1d40fbd0e34e6bfbb864ee35858ad4dd2cf31e02fc4a154b724d7f1
  languageName: node
  linkType: hard

"isarray@npm:0.0.1":
  version: 0.0.1
  resolution: "isarray@npm:0.0.1"
  checksum: 49191f1425681df4a18c2f0f93db3adb85573bcdd6a4482539d98eac9e705d8961317b01175627e860516a2fc45f8f9302db26e5a380a97a520e272e2a40a8d4
  languageName: node
  linkType: hard

"iterare@npm:1.2.1":
  version: 1.2.1
  resolution: "iterare@npm:1.2.1"
  checksum: 70bc80038e3718aa9072bc63b3a0135166d7120bde46bfcaf80a88d11005dcef1b2d69cd353849f87a3f58ba8f546a8c6e6983408236ff01fa50b52339ee5223
  languageName: node
  linkType: hard

"ms@npm:2.1.2":
  version: 2.1.2
  resolution: "ms@npm:2.1.2"
  checksum: 673cdb2c3133eb050c745908d8ce632ed2c02d85640e2edb3ace856a2266a813b30c613569bf3354fdf4ea7d1a1494add3bfa95e2713baa27d0c2c71fc44f58f
  languageName: node
  linkType: hard

"nestjs-amqplib@workspace:.":
  version: 0.0.0-use.local
  resolution: "nestjs-amqplib@workspace:."
  dependencies:
    "@nestjs/common": ^9.4.2
    "@nestjs/core": ^9
    "@types/amqplib": ^0.10.1
    amqplib: ^0.10.3
    reflect-metadata: ^0.1.13
    typescript: ^5.1.3
  languageName: unknown
  linkType: soft

"node-fetch@npm:^2.6.1":
  version: 2.6.11
  resolution: "node-fetch@npm:2.6.11"
  dependencies:
    whatwg-url: ^5.0.0
  peerDependencies:
    encoding: ^0.1.0
  peerDependenciesMeta:
    encoding:
      optional: true
  checksum: 249d0666a9497553384d46b5ab296ba223521ac88fed4d8a17d6ee6c2efb0fc890f3e8091cafe7f9fba8151a5b8d925db2671543b3409a56c3cd522b468b47b3
  languageName: node
  linkType: hard

"path-to-regexp@npm:3.2.0":
  version: 3.2.0
  resolution: "path-to-regexp@npm:3.2.0"
  checksum: c3d35cda3b26d9e604d789b9a1764bb9845f53ca8009d5809356b4677a3c064b0f01117a05a5b4b77bafd5ae002a82592e3f3495e885c22961f8b1dab8bd6ae7
  languageName: node
  linkType: hard

"querystringify@npm:^2.1.1":
  version: 2.2.0
  resolution: "querystringify@npm:2.2.0"
  checksum: 5641ea231bad7ef6d64d9998faca95611ed4b11c2591a8cae741e178a974f6a8e0ebde008475259abe1621cb15e692404e6b6626e927f7b849d5c09392604b15
  languageName: node
  linkType: hard

"readable-stream@npm:1.x >=1.1.9":
  version: 1.1.14
  resolution: "readable-stream@npm:1.1.14"
  dependencies:
    core-util-is: ~1.0.0
    inherits: ~2.0.1
    isarray: 0.0.1
    string_decoder: ~0.10.x
  checksum: 17dfeae3e909945a4a1abc5613ea92d03269ef54c49288599507fc98ff4615988a1c39a999dcf9aacba70233d9b7040bc11a5f2bfc947e262dedcc0a8b32b5a0
  languageName: node
  linkType: hard

"reflect-metadata@npm:^0.1.13":
  version: 0.1.13
  resolution: "reflect-metadata@npm:0.1.13"
  checksum: 798d379a7b6f6455501145419505c97dd11cbc23857a386add2b9ef15963ccf15a48d9d15507afe01d4cd74116df8a213247200bac00320bd7c11ddeaa5e8fb4
  languageName: node
  linkType: hard

"requires-port@npm:^1.0.0":
  version: 1.0.0
  resolution: "requires-port@npm:1.0.0"
  checksum: eee0e303adffb69be55d1a214e415cf42b7441ae858c76dfc5353148644f6fd6e698926fc4643f510d5c126d12a705e7c8ed7e38061113bdf37547ab356797ff
  languageName: node
  linkType: hard

"safe-buffer@npm:~5.1.2":
  version: 5.1.2
  resolution: "safe-buffer@npm:5.1.2"
  checksum: f2f1f7943ca44a594893a852894055cf619c1fbcb611237fc39e461ae751187e7baf4dc391a72125e0ac4fb2d8c5c0b3c71529622e6a58f46b960211e704903c
  languageName: node
  linkType: hard

"string_decoder@npm:~0.10.x":
  version: 0.10.31
  resolution: "string_decoder@npm:0.10.31"
  checksum: fe00f8e303647e5db919948ccb5ce0da7dea209ab54702894dd0c664edd98e5d4df4b80d6fabf7b9e92b237359d21136c95bf068b2f7760b772ca974ba970202
  languageName: node
  linkType: hard

"supports-color@npm:^7.1.0":
  version: 7.2.0
  resolution: "supports-color@npm:7.2.0"
  dependencies:
    has-flag: ^4.0.0
  checksum: 3dda818de06ebbe5b9653e07842d9479f3555ebc77e9a0280caf5a14fb877ffee9ed57007c3b78f5a6324b8dbeec648d9e97a24e2ed9fdb81ddc69ea07100f4a
  languageName: node
  linkType: hard

"tr46@npm:~0.0.3":
  version: 0.0.3
  resolution: "tr46@npm:0.0.3"
  checksum: 726321c5eaf41b5002e17ffbd1fb7245999a073e8979085dacd47c4b4e8068ff5777142fc6726d6ca1fd2ff16921b48788b87225cbc57c72636f6efa8efbffe3
  languageName: node
  linkType: hard

"tslib@npm:2.5.2":
  version: 2.5.2
  resolution: "tslib@npm:2.5.2"
  checksum: 4d3c1e238b94127ed0e88aa0380db3c2ddae581dc0f4bae5a982345e9f50ee5eda90835b8bfba99b02df10a5734470be197158c36f9129ac49fdc14a6a9da222
  languageName: node
  linkType: hard

"typescript@npm:^5.1.3":
  version: 5.1.3
  resolution: "typescript@npm:5.1.3"
  bin:
    tsc: bin/tsc
    tsserver: bin/tsserver
  checksum: d9d51862d98efa46534f2800a1071a613751b1585dc78884807d0c179bcd93d6e9d4012a508e276742f5f33c480adefc52ffcafaf9e0e00ab641a14cde9a31c7
  languageName: node
  linkType: hard

"typescript@patch:typescript@^5.1.3#~builtin<compat/typescript>":
  version: 5.1.3
  resolution: "typescript@patch:typescript@npm%3A5.1.3#~builtin<compat/typescript>::version=5.1.3&hash=5da071"
  bin:
    tsc: bin/tsc
    tsserver: bin/tsserver
  checksum: 6f0a9dca6bf4ce9dcaf4e282aade55ef4c56ecb5fb98d0a4a5c0113398815aea66d871b5611e83353e5953a19ed9ef103cf5a76ac0f276d550d1e7cd5344f61e
  languageName: node
  linkType: hard

"uid@npm:2.0.2":
  version: 2.0.2
  resolution: "uid@npm:2.0.2"
  dependencies:
    "@lukeed/csprng": ^1.0.0
  checksum: 98aabddcd6fe46f9b331b0378a93ee9cc51474348ada02006df9d10b4abc783ed596748ed9f20d7f6c5ff395dbcd1e764a65a68db6f39a31c95ae85ef13fe979
  languageName: node
  linkType: hard

"url-parse@npm:~1.5.10":
  version: 1.5.10
  resolution: "url-parse@npm:1.5.10"
  dependencies:
    querystringify: ^2.1.1
    requires-port: ^1.0.0
  checksum: fbdba6b1d83336aca2216bbdc38ba658d9cfb8fc7f665eb8b17852de638ff7d1a162c198a8e4ed66001ddbf6c9888d41e4798912c62b4fd777a31657989f7bdf
  languageName: node
  linkType: hard

"webidl-conversions@npm:^3.0.0":
  version: 3.0.1
  resolution: "webidl-conversions@npm:3.0.1"
  checksum: c92a0a6ab95314bde9c32e1d0a6dfac83b578f8fa5f21e675bc2706ed6981bc26b7eb7e6a1fab158e5ce4adf9caa4a0aee49a52505d4d13c7be545f15021b17c
  languageName: node
  linkType: hard

"whatwg-url@npm:^5.0.0":
  version: 5.0.0
  resolution: "whatwg-url@npm:5.0.0"
  dependencies:
    tr46: ~0.0.3
    webidl-conversions: ^3.0.0
  checksum: b8daed4ad3356cc4899048a15b2c143a9aed0dfae1f611ebd55073310c7b910f522ad75d727346ad64203d7e6c79ef25eafd465f4d12775ca44b90fa82ed9e2c
  languageName: node
  linkType: hard
